
Microsoft Visual Studio Solution File, Format Version 12.00
# Visual Studio Version 17
VisualStudioVersion = 17.6.33829.357
MinimumVisualStudioVersion = 10.0.40219.1
Project("{FAE04EC0-301F-11D3-BF4B-00C04F79EFBC}") = "Server", "Server\Server.csproj", "{DDAA4D15-6C16-4B79-A34F-372A39842E45}"
EndProject
Global
	GlobalSection(SolutionConfigurationPlatforms) = preSolution
		Debug|Any CPU = Debug|Any CPU
		Release|Any CPU = Release|Any CPU
	EndGlobalSection
	GlobalSection(ProjectConfigurationPlatforms) = postSolution
		{DDAA4D15-6C16-4B79-A34F-372A39842E45}.Debug|Any CPU.ActiveCfg = Debug|Any CPU
		{DDAA4D15-6C16-4B79-A34F-372A39842E45}.Debug|Any CPU.Build.0 = Debug|Any CPU
		{DDAA4D15-6C16-4B79-A34F-372A39842E45}.Release|Any CPU.ActiveCfg = Release|Any CPU
		{DDAA4D15-6C16-4B79-A34F-372A39842E45}.Release|Any CPU.Build.0 = Release|Any CPU
	EndGlobalSection
	GlobalSection(SolutionProperties) = preSolution
		HideSolutionNode = FALSE
	EndGlobalSection
	GlobalSection(ExtensibilityGlobals) = postSolution
		SolutionGuid = {22EB514A-073C-4F8C-982E-AC3C120B53B8}
	EndGlobalSection
EndGlobal
